// !$*UTF8*$!
{
	archiveVersion = 1;
	classes = {
	};
	objectVersion = 56;
	objects = {

/* Begin PBXBuildFile section */
		21DF8E0629C0C8200017A5ED /* SmartNoteApp.swift in Sources */ = {isa = PBXBuildFile; fileRef = 21DF8E0529C0C8200017A5ED /* SmartNoteApp.swift */; };
		21DF8E0829C0C8200017A5ED /* ContentView.swift in Sources */ = {isa = PBXBuildFile; fileRef = 21DF8E0729C0C8200017A5ED /* ContentView.swift */; };
		21DF8E0A29C0C8210017A5ED /* Assets.xcassets in Resources */ = {isa = PBXBuildFile; fileRef = 21DF8E0929C0C8210017A5ED /* Assets.xcassets */; };
		21DF8E0D29C0C8210017A5ED /* Preview Assets.xcassets in Resources */ = {isa = PBXBuildFile; fileRef = 21DF8E0C29C0C8210017A5ED /* Preview Assets.xcassets */; };
		21DF8E1429C0CCCB0017A5ED /* ImageView.swift in Sources */ = {isa = PBXBuildFile; fileRef = 21DF8E1329C0CCCB0017A5ED /* ImageView.swift */; };
		4213ADE329C7E615003393B3 /* SmartNoteARView .swift in Sources */ = {isa = PBXBuildFile; fileRef = 4213ADE229C7E615003393B3 /* SmartNoteARView .swift */; };
		6AC96120BA9B40CF83594B48 /* Pods_SmartNote.framework in Frameworks */ = {isa = PBXBuildFile; fileRef = 265EAC97AB6F48788F889246 /* Pods_SmartNote.framework */; };
		FDC81B8E29C69E6100AC5E54 /* ImageExtraction.swift in Sources */ = {isa = PBXBuildFile; fileRef = FDC81B8D29C69E6100AC5E54 /* ImageExtraction.swift */; };
/* End PBXBuildFile section */

/* Begin PBXFileReference section */
		21DF8E0229C0C8200017A5ED /* SmartNote.app */ = {isa = PBXFileReference; explicitFileType = wrapper.application; includeInIndex = 0; path = SmartNote.app; sourceTree = BUILT_PRODUCTS_DIR; };
		21DF8E0529C0C8200017A5ED /* SmartNoteApp.swift */ = {isa = PBXFileReference; lastKnownFileType = sourcecode.swift; path = SmartNoteApp.swift; sourceTree = "<group>"; };
		21DF8E0729C0C8200017A5ED /* ContentView.swift */ = {isa = PBXFileReference; lastKnownFileType = sourcecode.swift; path = ContentView.swift; sourceTree = "<group>"; };
		21DF8E0929C0C8210017A5ED /* Assets.xcassets */ = {isa = PBXFileReference; lastKnownFileType = folder.assetcatalog; path = Assets.xcassets; sourceTree = "<group>"; };
		21DF8E0C29C0C8210017A5ED /* Preview Assets.xcassets */ = {isa = PBXFileReference; lastKnownFileType = folder.assetcatalog; path = "Preview Assets.xcassets"; sourceTree = "<group>"; };
		21DF8E1329C0CCCB0017A5ED /* ImageView.swift */ = {isa = PBXFileReference; lastKnownFileType = sourcecode.swift; path = ImageView.swift; sourceTree = "<group>"; };
		265EAC97AB6F48788F889246 /* Pods_SmartNote.framework */ = {isa = PBXFileReference; explicitFileType = wrapper.framework; includeInIndex = 0; path = Pods_SmartNote.framework; sourceTree = BUILT_PRODUCTS_DIR; };
		27DA8288947E08900CFAEC4B /* Pods-SmartNote.release.xcconfig */ = {isa = PBXFileReference; includeInIndex = 1; lastKnownFileType = text.xcconfig; name = "Pods-SmartNote.release.xcconfig"; path = "Target Support Files/Pods-SmartNote/Pods-SmartNote.release.xcconfig"; sourceTree = "<group>"; };
		4213ADE229C7E615003393B3 /* SmartNoteARView .swift */ = {isa = PBXFileReference; fileEncoding = 4; lastKnownFileType = sourcecode.swift; path = "SmartNoteARView .swift"; sourceTree = "<group>"; };
		EE41231B5A2408D68712636E /* Pods-SmartNote.debug.xcconfig */ = {isa = PBXFileReference; includeInIndex = 1; lastKnownFileType = text.xcconfig; name = "Pods-SmartNote.debug.xcconfig"; path = "Target Support Files/Pods-SmartNote/Pods-SmartNote.debug.xcconfig"; sourceTree = "<group>"; };
		FDC81B8D29C69E6100AC5E54 /* ImageExtraction.swift */ = {isa = PBXFileReference; lastKnownFileType = sourcecode.swift; path = ImageExtraction.swift; sourceTree = "<group>"; };
/* End PBXFileReference section */

/* Begin PBXFrameworksBuildPhase section */
		21DF8DFF29C0C8200017A5ED /* Frameworks */ = {
			isa = PBXFrameworksBuildPhase;
			buildActionMask = 2147483647;
			files = (
				6AC96120BA9B40CF83594B48 /* Pods_SmartNote.framework in Frameworks */,
			);
			runOnlyForDeploymentPostprocessing = 0;
		};
/* End PBXFrameworksBuildPhase section */

/* Begin PBXGroup section */
		21DF8DF929C0C8200017A5ED = {
			isa = PBXGroup;
			children = (
				21DF8E0429C0C8200017A5ED /* SmartNote */,
				21DF8E0329C0C8200017A5ED /* Products */,
				23ADB162F15EE47B2597EBF6 /* Pods */,
				8362F4C089F7D2A97FC01091 /* Frameworks */,
			);
			sourceTree = "<group>";
		};
		21DF8E0329C0C8200017A5ED /* Products */ = {
			isa = PBXGroup;
			children = (
				21DF8E0229C0C8200017A5ED /* SmartNote.app */,
			);
			name = Products;
			sourceTree = "<group>";
		};
		21DF8E0429C0C8200017A5ED /* SmartNote */ = {
			isa = PBXGroup;
			children = (
				21DF8E0529C0C8200017A5ED /* SmartNoteApp.swift */,
				21DF8E0729C0C8200017A5ED /* ContentView.swift */,
				4213ADE229C7E615003393B3 /* SmartNoteARView .swift */,
				21DF8E0929C0C8210017A5ED /* Assets.xcassets */,
				21DF8E0B29C0C8210017A5ED /* Preview Content */,
				21DF8E1329C0CCCB0017A5ED /* ImageView.swift */,
				FDC81B8D29C69E6100AC5E54 /* ImageExtraction.swift */,
			);
			path = SmartNote;
			sourceTree = "<group>";
		};
		21DF8E0B29C0C8210017A5ED /* Preview Content */ = {
			isa = PBXGroup;
			children = (
				21DF8E0C29C0C8210017A5ED /* Preview Assets.xcassets */,
			);
			path = "Preview Content";
			sourceTree = "<group>";
		};
		23ADB162F15EE47B2597EBF6 /* Pods */ = {
			isa = PBXGroup;
			children = (
				EE41231B5A2408D68712636E /* Pods-SmartNote.debug.xcconfig */,
				27DA8288947E08900CFAEC4B /* Pods-SmartNote.release.xcconfig */,
			);
			path = Pods;
			sourceTree = "<group>";
		};
		8362F4C089F7D2A97FC01091 /* Frameworks */ = {
			isa = PBXGroup;
			children = (
				265EAC97AB6F48788F889246 /* Pods_SmartNote.framework */,
			);
			name = Frameworks;
			sourceTree = "<group>";
		};
/* End PBXGroup section */

/* Begin PBXNativeTarget section */
		21DF8E0129C0C8200017A5ED /* SmartNote */ = {
			isa = PBXNativeTarget;
			buildConfigurationList = 21DF8E1029C0C8210017A5ED /* Build configuration list for PBXNativeTarget "SmartNote" */;
			buildPhases = (
				089BBFD59D0F320BD46E6662 /* [CP] Check Pods Manifest.lock */,
				21DF8DFE29C0C8200017A5ED /* Sources */,
				21DF8DFF29C0C8200017A5ED /* Frameworks */,
				21DF8E0029C0C8200017A5ED /* Resources */,
				589BB9AAAE326619F8A3351C /* [CP] Embed Pods Frameworks */,
			);
			buildRules = (
			);
			dependencies = (
			);
			name = SmartNote;
			productName = SmartNote;
			productReference = 21DF8E0229C0C8200017A5ED /* SmartNote.app */;
			productType = "com.apple.product-type.application";
		};
/* End PBXNativeTarget section */

/* Begin PBXProject section */
		21DF8DFA29C0C8200017A5ED /* Project object */ = {
			isa = PBXProject;
			attributes = {
				BuildIndependentTargetsInParallel = 1;
				LastSwiftUpdateCheck = 1420;
				LastUpgradeCheck = 1420;
				TargetAttributes = {
					21DF8E0129C0C8200017A5ED = {
						CreatedOnToolsVersion = 14.2;
					};
				};
			};
			buildConfigurationList = 21DF8DFD29C0C8200017A5ED /* Build configuration list for PBXProject "SmartNote" */;
			compatibilityVersion = "Xcode 14.0";
			developmentRegion = en;
			hasScannedForEncodings = 0;
			knownRegions = (
				en,
				Base,
			);
			mainGroup = 21DF8DF929C0C8200017A5ED;
			productRefGroup = 21DF8E0329C0C8200017A5ED /* Products */;
			projectDirPath = "";
			projectRoot = "";
			targets = (
				21DF8E0129C0C8200017A5ED /* SmartNote */,
			);
		};
/* End PBXProject section */

/* Begin PBXResourcesBuildPhase section */
		21DF8E0029C0C8200017A5ED /* Resources */ = {
			isa = PBXResourcesBuildPhase;
			buildActionMask = 2147483647;
			files = (
				21DF8E0D29C0C8210017A5ED /* Preview Assets.xcassets in Resources */,
				21DF8E0A29C0C8210017A5ED /* Assets.xcassets in Resources */,
			);
			runOnlyForDeploymentPostprocessing = 0;
		};
/* End PBXResourcesBuildPhase section */

/* Begin PBXShellScriptBuildPhase section */
		089BBFD59D0F320BD46E6662 /* [CP] Check Pods Manifest.lock */ = {
			isa = PBXShellScriptBuildPhase;
			buildActionMask = 2147483647;
			files = (
			);
			inputFileListPaths = (
			);
			inputPaths = (
				"${PODS_PODFILE_DIR_PATH}/Podfile.lock",
				"${PODS_ROOT}/Manifest.lock",
			);
			name = "[CP] Check Pods Manifest.lock";
			outputFileListPaths = (
			);
			outputPaths = (
				"$(DERIVED_FILE_DIR)/Pods-SmartNote-checkManifestLockResult.txt",
			);
			runOnlyForDeploymentPostprocessing = 0;
			shellPath = /bin/sh;
			shellScript = "diff \"${PODS_PODFILE_DIR_PATH}/Podfile.lock\" \"${PODS_ROOT}/Manifest.lock\" > /dev/null\nif [ $? != 0 ] ; then\n    # print error to STDERR\n    echo \"error: The sandbox is not in sync with the Podfile.lock. Run 'pod install' or update your CocoaPods installation.\" >&2\n    exit 1\nfi\n# This output is used by Xcode 'outputs' to avoid re-running this script phase.\necho \"SUCCESS\" > \"${SCRIPT_OUTPUT_FILE_0}\"\n";
			showEnvVarsInLog = 0;
		};
		589BB9AAAE326619F8A3351C /* [CP] Embed Pods Frameworks */ = {
			isa = PBXShellScriptBuildPhase;
			buildActionMask = 2147483647;
			files = (
			);
			inputFileListPaths = (
				"${PODS_ROOT}/Target Support Files/Pods-SmartNote/Pods-SmartNote-frameworks-${CONFIGURATION}-input-files.xcfilelist",
			);
			name = "[CP] Embed Pods Frameworks";
			outputFileListPaths = (
				"${PODS_ROOT}/Target Support Files/Pods-SmartNote/Pods-SmartNote-frameworks-${CONFIGURATION}-output-files.xcfilelist",
			);
			runOnlyForDeploymentPostprocessing = 0;
			shellPath = /bin/sh;
			shellScript = "\"${PODS_ROOT}/Target Support Files/Pods-SmartNote/Pods-SmartNote-frameworks.sh\"\n";
			showEnvVarsInLog = 0;
		};
/* End PBXShellScriptBuildPhase section */

/* Begin PBXSourcesBuildPhase section */
		21DF8DFE29C0C8200017A5ED /* Sources */ = {
			isa = PBXSourcesBuildPhase;
			buildActionMask = 2147483647;
			files = (
				FDC81B8E29C69E6100AC5E54 /* ImageExtraction.swift in Sources */,
				21DF8E1429C0CCCB0017A5ED /* ImageView.swift in Sources */,
				21DF8E0829C0C8200017A5ED /* ContentView.swift in Sources */,
				4213ADE329C7E615003393B3 /* SmartNoteARView .swift in Sources */,
				21DF8E0629C0C8200017A5ED /* SmartNoteApp.swift in Sources */,
			);
			runOnlyForDeploymentPostprocessing = 0;
		};
/* End PBXSourcesBuildPhase section */

/* Begin XCBuildConfiguration section */
		21DF8E0E29C0C8210017A5ED /* Debug */ = {
			isa = XCBuildConfiguration;
			buildSettings = {
				ALWAYS_SEARCH_USER_PATHS = NO;
				CLANG_ANALYZER_NONNULL = YES;
				CLANG_ANALYZER_NUMBER_OBJECT_CONVERSION = YES_AGGRESSIVE;
				CLANG_CXX_LANGUAGE_STANDARD = "gnu++20";
				CLANG_ENABLE_MODULES = YES;
				CLANG_ENABLE_OBJC_ARC = YES;
				CLANG_ENABLE_OBJC_WEAK = YES;
				CLANG_WARN_BLOCK_CAPTURE_AUTORELEASING = YES;
				CLANG_WARN_BOOL_CONVERSION = YES;
				CLANG_WARN_COMMA = YES;
				CLANG_WARN_CONSTANT_CONVERSION = YES;
				CLANG_WARN_DEPRECATED_OBJC_IMPLEMENTATIONS = YES;
				CLANG_WARN_DIRECT_OBJC_ISA_USAGE = YES_ERROR;
				CLANG_WARN_DOCUMENTATION_COMMENTS = YES;
				CLANG_WARN_EMPTY_BODY = YES;
				CLANG_WARN_ENUM_CONVERSION = YES;
				CLANG_WARN_INFINITE_RECURSION = YES;
				CLANG_WARN_INT_CONVERSION = YES;
				CLANG_WARN_NON_LITERAL_NULL_CONVERSION = YES;
				CLANG_WARN_OBJC_IMPLICIT_RETAIN_SELF = YES;
				CLANG_WARN_OBJC_LITERAL_CONVERSION = YES;
				CLANG_WARN_OBJC_ROOT_CLASS = YES_ERROR;
				CLANG_WARN_QUOTED_INCLUDE_IN_FRAMEWORK_HEADER = YES;
				CLANG_WARN_RANGE_LOOP_ANALYSIS = YES;
				CLANG_WARN_STRICT_PROTOTYPES = YES;
				CLANG_WARN_SUSPICIOUS_MOVE = YES;
				CLANG_WARN_UNGUARDED_AVAILABILITY = YES_AGGRESSIVE;
				CLANG_WARN_UNREACHABLE_CODE = YES;
				CLANG_WARN__DUPLICATE_METHOD_MATCH = YES;
				COPY_PHASE_STRIP = NO;
				DEBUG_INFORMATION_FORMAT = dwarf;
				ENABLE_STRICT_OBJC_MSGSEND = YES;
				ENABLE_TESTABILITY = YES;
				GCC_C_LANGUAGE_STANDARD = gnu11;
				GCC_DYNAMIC_NO_PIC = NO;
				GCC_NO_COMMON_BLOCKS = YES;
				GCC_OPTIMIZATION_LEVEL = 0;
				GCC_PREPROCESSOR_DEFINITIONS = (
					"DEBUG=1",
					"$(inherited)",
				);
				GCC_WARN_64_TO_32_BIT_CONVERSION = YES;
				GCC_WARN_ABOUT_RETURN_TYPE = YES_ERROR;
				GCC_WARN_UNDECLARED_SELECTOR = YES;
				GCC_WARN_UNINITIALIZED_AUTOS = YES_AGGRESSIVE;
				GCC_WARN_UNUSED_FUNCTION = YES;
				GCC_WARN_UNUSED_VARIABLE = YES;
				IPHONEOS_DEPLOYMENT_TARGET = 16.2;
				MTL_ENABLE_DEBUG_INFO = INCLUDE_SOURCE;
				MTL_FAST_MATH = YES;
				ONLY_ACTIVE_ARCH = YES;
				SDKROOT = iphoneos;
				SWIFT_ACTIVE_COMPILATION_CONDITIONS = DEBUG;
				SWIFT_OPTIMIZATION_LEVEL = "-Onone";
			};
			name = Debug;
		};
		21DF8E0F29C0C8210017A5ED /* Release */ = {
			isa = XCBuildConfiguration;
			buildSettings = {
				ALWAYS_SEARCH_USER_PATHS = NO;
				CLANG_ANALYZER_NONNULL = YES;
				CLANG_ANALYZER_NUMBER_OBJECT_CONVERSION = YES_AGGRESSIVE;
				CLANG_CXX_LANGUAGE_STANDARD = "gnu++20";
				CLANG_ENABLE_MODULES = YES;
				CLANG_ENABLE_OBJC_ARC = YES;
				CLANG_ENABLE_OBJC_WEAK = YES;
				CLANG_WARN_BLOCK_CAPTURE_AUTORELEASING = YES;
				CLANG_WARN_BOOL_CONVERSION = YES;
				CLANG_WARN_COMMA = YES;
				CLANG_WARN_CONSTANT_CONVERSION = YES;
				CLANG_WARN_DEPRECATED_OBJC_IMPLEMENTATIONS = YES;
				CLANG_WARN_DIRECT_OBJC_ISA_USAGE = YES_ERROR;
				CLANG_WARN_DOCUMENTATION_COMMENTS = YES;
				CLANG_WARN_EMPTY_BODY = YES;
				CLANG_WARN_ENUM_CONVERSION = YES;
				CLANG_WARN_INFINITE_RECURSION = YES;
				CLANG_WARN_INT_CONVERSION = YES;
				CLANG_WARN_NON_LITERAL_NULL_CONVERSION = YES;
				CLANG_WARN_OBJC_IMPLICIT_RETAIN_SELF = YES;
				CLANG_WARN_OBJC_LITERAL_CONVERSION = YES;
				CLANG_WARN_OBJC_ROOT_CLASS = YES_ERROR;
				CLANG_WARN_QUOTED_INCLUDE_IN_FRAMEWORK_HEADER = YES;
				CLANG_WARN_RANGE_LOOP_ANALYSIS = YES;
				CLANG_WARN_STRICT_PROTOTYPES = YES;
				CLANG_WARN_SUSPICIOUS_MOVE = YES;
				CLANG_WARN_UNGUARDED_AVAILABILITY = YES_AGGRESSIVE;
				CLANG_WARN_UNREACHABLE_CODE = YES;
				CLANG_WARN__DUPLICATE_METHOD_MATCH = YES;
				COPY_PHASE_STRIP = NO;
				DEBUG_INFORMATION_FORMAT = "dwarf-with-dsym";
				ENABLE_NS_ASSERTIONS = NO;
				ENABLE_STRICT_OBJC_MSGSEND = YES;
				GCC_C_LANGUAGE_STANDARD = gnu11;
				GCC_NO_COMMON_BLOCKS = YES;
				GCC_WARN_64_TO_32_BIT_CONVERSION = YES;
				GCC_WARN_ABOUT_RETURN_TYPE = YES_ERROR;
				GCC_WARN_UNDECLARED_SELECTOR = YES;
				GCC_WARN_UNINITIALIZED_AUTOS = YES_AGGRESSIVE;
				GCC_WARN_UNUSED_FUNCTION = YES;
				GCC_WARN_UNUSED_VARIABLE = YES;
				IPHONEOS_DEPLOYMENT_TARGET = 16.2;
				MTL_ENABLE_DEBUG_INFO = NO;
				MTL_FAST_MATH = YES;
				SDKROOT = iphoneos;
				SWIFT_COMPILATION_MODE = wholemodule;
				SWIFT_OPTIMIZATION_LEVEL = "-O";
				VALIDATE_PRODUCT = YES;
			};
			name = Release;
		};
		21DF8E1129C0C8210017A5ED /* Debug */ = {
			isa = XCBuildConfiguration;
			baseConfigurationReference = EE41231B5A2408D68712636E /* Pods-SmartNote.debug.xcconfig */;
			buildSettings = {
				ASSETCATALOG_COMPILER_APPICON_NAME = AppIcon;
				ASSETCATALOG_COMPILER_GLOBAL_ACCENT_COLOR_NAME = AccentColor;
				CODE_SIGN_STYLE = Automatic;
				CURRENT_PROJECT_VERSION = 1;
				DEVELOPMENT_ASSET_PATHS = "\"SmartNote/Preview Content\"";
				DEVELOPMENT_TEAM = 3QW93L936U;
				ENABLE_PREVIEWS = YES;
				GENERATE_INFOPLIST_FILE = YES;
				INFOPLIST_KEY_NSCameraUsageDescription = "Allow to scan pages with camera";
				INFOPLIST_KEY_NSPhotoLibraryUsageDescription = "Allow to scan pages in library";
				INFOPLIST_KEY_UIApplicationSceneManifest_Generation = YES;
				INFOPLIST_KEY_UIApplicationSupportsIndirectInputEvents = YES;
				INFOPLIST_KEY_UILaunchScreen_Generation = YES;
				INFOPLIST_KEY_UISupportedInterfaceOrientations_iPad = "UIInterfaceOrientationPortrait UIInterfaceOrientationPortraitUpsideDown UIInterfaceOrientationLandscapeLeft UIInterfaceOrientationLandscapeRight";
				INFOPLIST_KEY_UISupportedInterfaceOrientations_iPhone = "UIInterfaceOrientationPortrait UIInterfaceOrientationLandscapeLeft UIInterfaceOrientationLandscapeRight";
				LD_RUNPATH_SEARCH_PATHS = (
					"$(inherited)",
					"@executable_path/Frameworks",
				);
				MARKETING_VERSION = 1.0;
				PRODUCT_BUNDLE_IDENTIFIER = edu.umich.zhihaoy1.SmartNoteApp;
				PRODUCT_NAME = "$(TARGET_NAME)";
				SWIFT_EMIT_LOC_STRINGS = YES;
				SWIFT_VERSION = 5.0;
				TARGETED_DEVICE_FAMILY = "1,2";
			};
			name = Debug;
		};
		21DF8E1229C0C8210017A5ED /* Release */ = {
			isa = XCBuildConfiguration;
			baseConfigurationReference = 27DA8288947E08900CFAEC4B /* Pods-SmartNote.release.xcconfig */;
			buildSettings = {
				ASSETCATALOG_COMPILER_APPICON_NAME = AppIcon;
				ASSETCATALOG_COMPILER_GLOBAL_ACCENT_COLOR_NAME = AccentColor;
				CODE_SIGN_STYLE = Automatic;
				CURRENT_PROJECT_VERSION = 1;
				DEVELOPMENT_ASSET_PATHS = "\"SmartNote/Preview Content\"";
				DEVELOPMENT_TEAM = 3QW93L936U;
				ENABLE_PREVIEWS = YES;
				GENERATE_INFOPLIST_FILE = YES;
				INFOPLIST_KEY_NSCameraUsageDescription = "Allow to scan pages with camera";
				INFOPLIST_KEY_NSPhotoLibraryUsageDescription = "Allow to scan pages in library";
				INFOPLIST_KEY_UIApplicationSceneManifest_Generation = YES;
				INFOPLIST_KEY_UIApplicationSupportsIndirectInputEvents = YES;
				INFOPLIST_KEY_UILaunchScreen_Generation = YES;
				INFOPLIST_KEY_UISupportedInterfaceOrientations_iPad = "UIInterfaceOrientationPortrait UIInterfaceOrientationPortraitUpsideDown UIInterfaceOrientationLandscapeLeft UIInterfaceOrientationLandscapeRight";
				INFOPLIST_KEY_UISupportedInterfaceOrientations_iPhone = "UIInterfaceOrientationPortrait UIInterfaceOrientationLandscapeLeft UIInterfaceOrientationLandscapeRight";
				LD_RUNPATH_SEARCH_PATHS = (
					"$(inherited)",
					"@executable_path/Frameworks",
				);
				MARKETING_VERSION = 1.0;
				PRODUCT_BUNDLE_IDENTIFIER = edu.umich.zhihaoy1.SmartNoteApp;
				PRODUCT_NAME = "$(TARGET_NAME)";
				SWIFT_EMIT_LOC_STRINGS = YES;
				SWIFT_VERSION = 5.0;
				TARGETED_DEVICE_FAMILY = "1,2";
			};
			name = Release;
		};
/* End XCBuildConfiguration section */

/* Begin XCConfigurationList section */
		21DF8DFD29C0C8200017A5ED /* Build configuration list for PBXProject "SmartNote" */ = {
			isa = XCConfigurationList;
			buildConfigurations = (
				21DF8E0E29C0C8210017A5ED /* Debug */,
				21DF8E0F29C0C8210017A5ED /* Release */,
			);
			defaultConfigurationIsVisible = 0;
			defaultConfigurationName = Release;
		};
		21DF8E1029C0C8210017A5ED /* Build configuration list for PBXNativeTarget "SmartNote" */ = {
			isa = XCConfigurationList;
			buildConfigurations = (
				21DF8E1129C0C8210017A5ED /* Debug */,
				21DF8E1229C0C8210017A5ED /* Release */,
			);
			defaultConfigurationIsVisible = 0;
			defaultConfigurationName = Release;
		};
/* End XCConfigurationList section */
	};
	rootObject = 21DF8DFA29C0C8200017A5ED /* Project object */;
}
